
Microsoft Visual Studio Solution File, Format Version 12.00
# Visual Studio 2015
Project("{FAE04EC0-301F-11D3-BF4B-00C04F79EFBC}") = "BallRoller.CSharp", "BallRoller.CSharp.csproj", "{0339D164-D148-289B-AD93-64882E185466}"
EndProject
Global
	GlobalSection(SolutionConfigurationPlatforms) = preSolution
		Debug|Any CPU = Debug|Any CPU
		Release|Any CPU = Release|Any CPU
	EndGlobalSection
	GlobalSection(ProjectConfigurationPlatforms) = postSolution
		{0339D164-D148-289B-AD93-64882E185466}.Debug|Any CPU.ActiveCfg = Debug|Any CPU
		{0339D164-D148-289B-AD93-64882E185466}.Debug|Any CPU.Build.0 = Debug|Any CPU
		{0339D164-D148-289B-AD93-64882E185466}.Release|Any CPU.ActiveCfg = Release|Any CPU
		{0339D164-D148-289B-AD93-64882E185466}.Release|Any CPU.Build.0 = Release|Any CPU
	EndGlobalSection
	GlobalSection(SolutionProperties) = preSolution
		HideSolutionNode = FALSE
	EndGlobalSection
EndGlobal
